
Microsoft Visual Studio Solution File, Format Version 12.00
# Visual Studio Version 17
VisualStudioVersion = 17.3.32929.385
MinimumVisualStudioVersion = 10.0.40219.1
Project("{FAE04EC0-301F-11D3-BF4B-00C04F79EFBC}") = "BasicProgram", "BasicProgram.csproj", "{B3EB3A1E-78F4-4119-A26B-1A91FA5964F0}"
EndProject
Global
	GlobalSection(SolutionConfigurationPlatforms) = preSolution
		Debug|Any CPU = Debug|Any CPU
		Release|Any CPU = Release|Any CPU
	EndGlobalSection
	GlobalSection(ProjectConfigurationPlatforms) = postSolution
		{B3EB3A1E-78F4-4119-A26B-1A91FA5964F0}.Debug|Any CPU.ActiveCfg = Debug|Any CPU
		{B3EB3A1E-78F4-4119-A26B-1A91FA5964F0}.Debug|Any CPU.Build.0 = Debug|Any CPU
		{B3EB3A1E-78F4-4119-A26B-1A91FA5964F0}.Release|Any CPU.ActiveCfg = Release|Any CPU
		{B3EB3A1E-78F4-4119-A26B-1A91FA5964F0}.Release|Any CPU.Build.0 = Release|Any CPU
	EndGlobalSection
	GlobalSection(SolutionProperties) = preSolution
		HideSolutionNode = FALSE
	EndGlobalSection
	GlobalSection(ExtensibilityGlobals) = postSolution
		SolutionGuid = {AC748613-5B70-4720-A696-8DFE110A594B}
	EndGlobalSection
EndGlobal
